
Microsoft Visual Studio Solution File, Format Version 12.00
# Visual Studio Version 16
VisualStudioVersion = 16.0.30621.155
MinimumVisualStudioVersion = 10.0.40219.1
Project("{D954291E-2A0B-460D-934E-DC6B0785DB48}") = "NavigateToString.Shared", "NavigateToString\NavigateToString.Shared\NavigateToString.Shared.shproj", "{6279C845-92F8-4333-AB99-3D213163593C}"
EndProject
Project("{FAE04EC0-301F-11D3-BF4B-00C04F79EFBC}") = "NavigateToString.Droid", "NavigateToString\NavigateToString.Droid\NavigateToString.Droid.csproj", "{CB35B6D5-BD23-4EC2-B8ED-90B72FB0C9F4}"
EndProject
Project("{FAE04EC0-301F-11D3-BF4B-00C04F79EFBC}") = "NavigateToString.iOS", "NavigateToString\NavigateToString.iOS\NavigateToString.iOS.csproj", "{2E0C6BDC-3B2B-46DE-9D30-61BE97041EDA}"
EndProject
Project("{FAE04EC0-301F-11D3-BF4B-00C04F79EFBC}") = "NavigateToString.UWP", "NavigateToString\NavigateToString.UWP\NavigateToString.UWP.csproj", "{C608FFAB-E0C8-4BC9-B12F-D32116878EEE}"
EndProject
Project("{9A19103F-16F7-4668-BE54-9A1E7A4F7556}") = "NavigateToString.Wasm", "NavigateToString\NavigateToString.Wasm\NavigateToString.Wasm.csproj", "{AA2BB9D0-36F7-449A-9C72-F01B63666B2E}"
EndProject
Project("{FAE04EC0-301F-11D3-BF4B-00C04F79EFBC}") = "NavigateToString.macOS", "NavigateToString\NavigateToString.macOS\NavigateToString.macOS.csproj", "{99C5486B-3C25-4027-9BBF-BD958148322E}"
EndProject
Project("{9A19103F-16F7-4668-BE54-9A1E7A4F7556}") = "NavigateToString.Skia.Wpf.Host", "NavigateToString\NavigateToString.Skia.Wpf.Host\NavigateToString.Skia.Wpf.Host.csproj", "{CBEC4B15-9DA5-4043-9BBC-E0494BD648D9}"
EndProject
Project("{9A19103F-16F7-4668-BE54-9A1E7A4F7556}") = "NavigateToString.Skia.Wpf", "NavigateToString\NavigateToString.Skia.Wpf\NavigateToString.Skia.Wpf.csproj", "{E2BC1359-6F14-4FBB-B5FA-CE4BBD7E545C}"
EndProject
Project("{9A19103F-16F7-4668-BE54-9A1E7A4F7556}") = "NavigateToString.Skia.Gtk", "NavigateToString\NavigateToString.Skia.Gtk\NavigateToString.Skia.Gtk.csproj", "{D889FFB3-526A-4BA6-AF57-533F7552B71A}"
EndProject
Project("{2150E333-8FDC-42A3-9474-1A3956D46DE8}") = "Platform Projects", "Platform Projects", "{1FCDB135-7FD8-431C-878C-9A0A30A97E92}"
EndProject
Global
	GlobalSection(SharedMSBuildProjectFiles) = preSolution
		NavigateToString\NavigateToString.Shared\NavigateToString.Shared.projitems*{2e0c6bdc-3b2b-46de-9d30-61be97041eda}*SharedItemsImports = 4
		NavigateToString\NavigateToString.Shared\NavigateToString.Shared.projitems*{6279c845-92f8-4333-ab99-3d213163593c}*SharedItemsImports = 13
		NavigateToString\NavigateToString.Shared\NavigateToString.Shared.projitems*{99c5486b-3c25-4027-9bbf-bd958148322e}*SharedItemsImports = 4
		NavigateToString\NavigateToString.Shared\NavigateToString.Shared.projitems*{aa2bb9d0-36f7-449a-9c72-f01b63666b2e}*SharedItemsImports = 5
		NavigateToString\NavigateToString.Shared\NavigateToString.Shared.projitems*{c608ffab-e0c8-4bc9-b12f-d32116878eee}*SharedItemsImports = 4
		NavigateToString\NavigateToString.Shared\NavigateToString.Shared.projitems*{cb35b6d5-bd23-4ec2-b8ed-90b72fb0c9f4}*SharedItemsImports = 4
		NavigateToString\NavigateToString.Shared\NavigateToString.Shared.projitems*{d889ffb3-526a-4ba6-af57-533f7552b71a}*SharedItemsImports = 5
		NavigateToString\NavigateToString.Shared\NavigateToString.Shared.projitems*{e2bc1359-6f14-4fbb-b5fa-ce4bbd7e545c}*SharedItemsImports = 5
	EndGlobalSection
	GlobalSection(SolutionConfigurationPlatforms) = preSolution
		Ad-Hoc|Any CPU = Ad-Hoc|Any CPU
		Ad-Hoc|ARM = Ad-Hoc|ARM
		Ad-Hoc|ARM64 = Ad-Hoc|ARM64
		Ad-Hoc|iPhone = Ad-Hoc|iPhone
		Ad-Hoc|iPhoneSimulator = Ad-Hoc|iPhoneSimulator
		Ad-Hoc|x64 = Ad-Hoc|x64
		Ad-Hoc|x86 = Ad-Hoc|x86
		AppStore|Any CPU = AppStore|Any CPU
		AppStore|ARM = AppStore|ARM
		AppStore|ARM64 = AppStore|ARM64
		AppStore|iPhone = AppStore|iPhone
		AppStore|iPhoneSimulator = AppStore|iPhoneSimulator
		AppStore|x64 = AppStore|x64
		AppStore|x86 = AppStore|x86
		Debug|Any CPU = Debug|Any CPU
		Debug|ARM = Debug|ARM
		Debug|ARM64 = Debug|ARM64
		Debug|iPhone = Debug|iPhone
		Debug|iPhoneSimulator = Debug|iPhoneSimulator
		Debug|x64 = Debug|x64
		Debug|x86 = Debug|x86
		Release|Any CPU = Release|Any CPU
		Release|ARM = Release|ARM
		Release|ARM64 = Release|ARM64
		Release|iPhone = Release|iPhone
		Release|iPhoneSimulator = Release|iPhoneSimulator
		Release|x64 = Release|x64
		Release|x86 = Release|x86
	EndGlobalSection
	GlobalSection(ProjectConfigurationPlatforms) = postSolution
		{CB35B6D5-BD23-4EC2-B8ED-90B72FB0C9F4}.Ad-Hoc|Any CPU.ActiveCfg = Debug|Any CPU
		{CB35B6D5-BD23-4EC2-B8ED-90B72FB0C9F4}.Ad-Hoc|Any CPU.Build.0 = Debug|Any CPU
		{CB35B6D5-BD23-4EC2-B8ED-90B72FB0C9F4}.Ad-Hoc|Any CPU.Deploy.0 = Debug|Any CPU
		{CB35B6D5-BD23-4EC2-B8ED-90B72FB0C9F4}.Ad-Hoc|ARM.ActiveCfg = Debug|Any CPU
		{CB35B6D5-BD23-4EC2-B8ED-90B72FB0C9F4}.Ad-Hoc|ARM.Build.0 = Debug|Any CPU
		{CB35B6D5-BD23-4EC2-B8ED-90B72FB0C9F4}.Ad-Hoc|ARM.Deploy.0 = Debug|Any CPU
		{CB35B6D5-BD23-4EC2-B8ED-90B72FB0C9F4}.Ad-Hoc|ARM64.ActiveCfg = Debug|Any CPU
		{CB35B6D5-BD23-4EC2-B8ED-90B72FB0C9F4}.Ad-Hoc|ARM64.Build.0 = Debug|Any CPU
		{CB35B6D5-BD23-4EC2-B8ED-90B72FB0C9F4}.Ad-Hoc|ARM64.Deploy.0 = Debug|Any CPU
		{CB35B6D5-BD23-4EC2-B8ED-90B72FB0C9F4}.Ad-Hoc|iPhone.ActiveCfg = Debug|Any CPU
		{CB35B6D5-BD23-4EC2-B8ED-90B72FB0C9F4}.Ad-Hoc|iPhone.Build.0 = Debug|Any CPU
		{CB35B6D5-BD23-4EC2-B8ED-90B72FB0C9F4}.Ad-Hoc|iPhone.Deploy.0 = Debug|Any CPU
		{CB35B6D5-BD23-4EC2-B8ED-90B72FB0C9F4}.Ad-Hoc|iPhoneSimulator.ActiveCfg = Debug|Any CPU
		{CB35B6D5-BD23-4EC2-B8ED-90B72FB0C9F4}.Ad-Hoc|iPhoneSimulator.Build.0 = Debug|Any CPU
		{CB35B6D5-BD23-4EC2-B8ED-90B72FB0C9F4}.Ad-Hoc|iPhoneSimulator.Deploy.0 = Debug|Any CPU
		{CB35B6D5-BD23-4EC2-B8ED-90B72FB0C9F4}.Ad-Hoc|x64.ActiveCfg = Debug|Any CPU
		{CB35B6D5-BD23-4EC2-B8ED-90B72FB0C9F4}.Ad-Hoc|x64.Build.0 = Debug|Any CPU
		{CB35B6D5-BD23-4EC2-B8ED-90B72FB0C9F4}.Ad-Hoc|x64.Deploy.0 = Debug|Any CPU
		{CB35B6D5-BD23-4EC2-B8ED-90B72FB0C9F4}.Ad-Hoc|x86.ActiveCfg = Debug|Any CPU
		{CB35B6D5-BD23-4EC2-B8ED-90B72FB0C9F4}.Ad-Hoc|x86.Build.0 = Debug|Any CPU
		{CB35B6D5-BD23-4EC2-B8ED-90B72FB0C9F4}.Ad-Hoc|x86.Deploy.0 = Debug|Any CPU
		{CB35B6D5-BD23-4EC2-B8ED-90B72FB0C9F4}.AppStore|Any CPU.ActiveCfg = Debug|Any CPU
		{CB35B6D5-BD23-4EC2-B8ED-90B72FB0C9F4}.AppStore|Any CPU.Build.0 = Debug|Any CPU
		{CB35B6D5-BD23-4EC2-B8ED-90B72FB0C9F4}.AppStore|Any CPU.Deploy.0 = Debug|Any CPU
		{CB35B6D5-BD23-4EC2-B8ED-90B72FB0C9F4}.AppStore|ARM.ActiveCfg = Debug|Any CPU
		{CB35B6D5-BD23-4EC2-B8ED-90B72FB0C9F4}.AppStore|ARM.Build.0 = Debug|Any CPU
		{CB35B6D5-BD23-4EC2-B8ED-90B72FB0C9F4}.AppStore|ARM.Deploy.0 = Debug|Any CPU
		{CB35B6D5-BD23-4EC2-B8ED-90B72FB0C9F4}.AppStore|ARM64.ActiveCfg = Debug|Any CPU
		{CB35B6D5-BD23-4EC2-B8ED-90B72FB0C9F4}.AppStore|ARM64.Build.0 = Debug|Any CPU
		{CB35B6D5-BD23-4EC2-B8ED-90B72FB0C9F4}.AppStore|ARM64.Deploy.0 = Debug|Any CPU
		{CB35B6D5-BD23-4EC2-B8ED-90B72FB0C9F4}.AppStore|iPhone.ActiveCfg = Debug|Any CPU
		{CB35B6D5-BD23-4EC2-B8ED-90B72FB0C9F4}.AppStore|iPhone.Build.0 = Debug|Any CPU
		{CB35B6D5-BD23-4EC2-B8ED-90B72FB0C9F4}.AppStore|iPhone.Deploy.0 = Debug|Any CPU
		{CB35B6D5-BD23-4EC2-B8ED-90B72FB0C9F4}.AppStore|iPhoneSimulator.ActiveCfg = Debug|Any CPU
		{CB35B6D5-BD23-4EC2-B8ED-90B72FB0C9F4}.AppStore|iPhoneSimulator.Build.0 = Debug|Any CPU
		{CB35B6D5-BD23-4EC2-B8ED-90B72FB0C9F4}.AppStore|iPhoneSimulator.Deploy.0 = Debug|Any CPU
		{CB35B6D5-BD23-4EC2-B8ED-90B72FB0C9F4}.AppStore|x64.ActiveCfg = Debug|Any CPU
		{CB35B6D5-BD23-4EC2-B8ED-90B72FB0C9F4}.AppStore|x64.Build.0 = Debug|Any CPU
		{CB35B6D5-BD23-4EC2-B8ED-90B72FB0C9F4}.AppStore|x64.Deploy.0 = Debug|Any CPU
		{CB35B6D5-BD23-4EC2-B8ED-90B72FB0C9F4}.AppStore|x86.ActiveCfg = Debug|Any CPU
		{CB35B6D5-BD23-4EC2-B8ED-90B72FB0C9F4}.AppStore|x86.Build.0 = Debug|Any CPU
		{CB35B6D5-BD23-4EC2-B8ED-90B72FB0C9F4}.AppStore|x86.Deploy.0 = Debug|Any CPU
		{CB35B6D5-BD23-4EC2-B8ED-90B72FB0C9F4}.Debug|Any CPU.ActiveCfg = Debug|Any CPU
		{CB35B6D5-BD23-4EC2-B8ED-90B72FB0C9F4}.Debug|Any CPU.Build.0 = Debug|Any CPU
		{CB35B6D5-BD23-4EC2-B8ED-90B72FB0C9F4}.Debug|Any CPU.Deploy.0 = Debug|Any CPU
		{CB35B6D5-BD23-4EC2-B8ED-90B72FB0C9F4}.Debug|ARM.ActiveCfg = Debug|Any CPU
		{CB35B6D5-BD23-4EC2-B8ED-90B72FB0C9F4}.Debug|ARM.Build.0 = Debug|Any CPU
		{CB35B6D5-BD23-4EC2-B8ED-90B72FB0C9F4}.Debug|ARM.Deploy.0 = Debug|Any CPU
		{CB35B6D5-BD23-4EC2-B8ED-90B72FB0C9F4}.Debug|ARM64.ActiveCfg = Debug|Any CPU
		{CB35B6D5-BD23-4EC2-B8ED-90B72FB0C9F4}.Debug|ARM64.Build.0 = Debug|Any CPU
		{CB35B6D5-BD23-4EC2-B8ED-90B72FB0C9F4}.Debug|ARM64.Deploy.0 = Debug|Any CPU
		{CB35B6D5-BD23-4EC2-B8ED-90B72FB0C9F4}.Debug|iPhone.ActiveCfg = Debug|Any CPU
		{CB35B6D5-BD23-4EC2-B8ED-90B72FB0C9F4}.Debug|iPhone.Build.0 = Debug|Any CPU
		{CB35B6D5-BD23-4EC2-B8ED-90B72FB0C9F4}.Debug|iPhone.Deploy.0 = Debug|Any CPU
		{CB35B6D5-BD23-4EC2-B8ED-90B72FB0C9F4}.Debug|iPhoneSimulator.ActiveCfg = Debug|Any CPU
		{CB35B6D5-BD23-4EC2-B8ED-90B72FB0C9F4}.Debug|iPhoneSimulator.Build.0 = Debug|Any CPU
		{CB35B6D5-BD23-4EC2-B8ED-90B72FB0C9F4}.Debug|iPhoneSimulator.Deploy.0 = Debug|Any CPU
		{CB35B6D5-BD23-4EC2-B8ED-90B72FB0C9F4}.Debug|x64.ActiveCfg = Debug|Any CPU
		{CB35B6D5-BD23-4EC2-B8ED-90B72FB0C9F4}.Debug|x64.Build.0 = Debug|Any CPU
		{CB35B6D5-BD23-4EC2-B8ED-90B72FB0C9F4}.Debug|x64.Deploy.0 = Debug|Any CPU
		{CB35B6D5-BD23-4EC2-B8ED-90B72FB0C9F4}.Debug|x86.ActiveCfg = Debug|Any CPU
		{CB35B6D5-BD23-4EC2-B8ED-90B72FB0C9F4}.Debug|x86.Build.0 = Debug|Any CPU
		{CB35B6D5-BD23-4EC2-B8ED-90B72FB0C9F4}.Debug|x86.Deploy.0 = Debug|Any CPU
		{CB35B6D5-BD23-4EC2-B8ED-90B72FB0C9F4}.Release|Any CPU.ActiveCfg = Release|Any CPU
		{CB35B6D5-BD23-4EC2-B8ED-90B72FB0C9F4}.Release|Any CPU.Build.0 = Release|Any CPU
		{CB35B6D5-BD23-4EC2-B8ED-90B72FB0C9F4}.Release|Any CPU.Deploy.0 = Release|Any CPU
		{CB35B6D5-BD23-4EC2-B8ED-90B72FB0C9F4}.Release|ARM.ActiveCfg = Release|Any CPU
		{CB35B6D5-BD23-4EC2-B8ED-90B72FB0C9F4}.Release|ARM.Build.0 = Release|Any CPU
		{CB35B6D5-BD23-4EC2-B8ED-90B72FB0C9F4}.Release|ARM.Deploy.0 = Release|Any CPU
		{CB35B6D5-BD23-4EC2-B8ED-90B72FB0C9F4}.Release|ARM64.ActiveCfg = Release|Any CPU
		{CB35B6D5-BD23-4EC2-B8ED-90B72FB0C9F4}.Release|ARM64.Build.0 = Release|Any CPU
		{CB35B6D5-BD23-4EC2-B8ED-90B72FB0C9F4}.Release|ARM64.Deploy.0 = Release|Any CPU
		{CB35B6D5-BD23-4EC2-B8ED-90B72FB0C9F4}.Release|iPhone.ActiveCfg = Release|Any CPU
		{CB35B6D5-BD23-4EC2-B8ED-90B72FB0C9F4}.Release|iPhone.Build.0 = Release|Any CPU
		{CB35B6D5-BD23-4EC2-B8ED-90B72FB0C9F4}.Release|iPhone.Deploy.0 = Release|Any CPU
		{CB35B6D5-BD23-4EC2-B8ED-90B72FB0C9F4}.Release|iPhoneSimulator.ActiveCfg = Release|Any CPU
		{CB35B6D5-BD23-4EC2-B8ED-90B72FB0C9F4}.Release|iPhoneSimulator.Build.0 = Release|Any CPU
		{CB35B6D5-BD23-4EC2-B8ED-90B72FB0C9F4}.Release|iPhoneSimulator.Deploy.0 = Release|Any CPU
		{CB35B6D5-BD23-4EC2-B8ED-90B72FB0C9F4}.Release|x64.ActiveCfg = Release|Any CPU
		{CB35B6D5-BD23-4EC2-B8ED-90B72FB0C9F4}.Release|x64.Build.0 = Release|Any CPU
		{CB35B6D5-BD23-4EC2-B8ED-90B72FB0C9F4}.Release|x64.Deploy.0 = Release|Any CPU
		{CB35B6D5-BD23-4EC2-B8ED-90B72FB0C9F4}.Release|x86.ActiveCfg = Release|Any CPU
		{CB35B6D5-BD23-4EC2-B8ED-90B72FB0C9F4}.Release|x86.Build.0 = Release|Any CPU
		{CB35B6D5-BD23-4EC2-B8ED-90B72FB0C9F4}.Release|x86.Deploy.0 = Release|Any CPU
		{2E0C6BDC-3B2B-46DE-9D30-61BE97041EDA}.Ad-Hoc|Any CPU.ActiveCfg = Ad-Hoc|iPhoneSimulator
		{2E0C6BDC-3B2B-46DE-9D30-61BE97041EDA}.Ad-Hoc|ARM.ActiveCfg = Ad-Hoc|iPhoneSimulator
		{2E0C6BDC-3B2B-46DE-9D30-61BE97041EDA}.Ad-Hoc|ARM64.ActiveCfg = Ad-Hoc|iPhoneSimulator
		{2E0C6BDC-3B2B-46DE-9D30-61BE97041EDA}.Ad-Hoc|iPhone.ActiveCfg = Ad-Hoc|iPhone
		{2E0C6BDC-3B2B-46DE-9D30-61BE97041EDA}.Ad-Hoc|iPhone.Build.0 = Ad-Hoc|iPhone
		{2E0C6BDC-3B2B-46DE-9D30-61BE97041EDA}.Ad-Hoc|iPhoneSimulator.ActiveCfg = Ad-Hoc|iPhoneSimulator
		{2E0C6BDC-3B2B-46DE-9D30-61BE97041EDA}.Ad-Hoc|iPhoneSimulator.Build.0 = Ad-Hoc|iPhoneSimulator
		{2E0C6BDC-3B2B-46DE-9D30-61BE97041EDA}.Ad-Hoc|x64.ActiveCfg = Ad-Hoc|iPhoneSimulator
		{2E0C6BDC-3B2B-46DE-9D30-61BE97041EDA}.Ad-Hoc|x86.ActiveCfg = Ad-Hoc|iPhoneSimulator
		{2E0C6BDC-3B2B-46DE-9D30-61BE97041EDA}.AppStore|Any CPU.ActiveCfg = AppStore|iPhoneSimulator
		{2E0C6BDC-3B2B-46DE-9D30-61BE97041EDA}.AppStore|ARM.ActiveCfg = AppStore|iPhoneSimulator
		{2E0C6BDC-3B2B-46DE-9D30-61BE97041EDA}.AppStore|ARM64.ActiveCfg = AppStore|iPhoneSimulator
		{2E0C6BDC-3B2B-46DE-9D30-61BE97041EDA}.AppStore|iPhone.ActiveCfg = AppStore|iPhone
		{2E0C6BDC-3B2B-46DE-9D30-61BE97041EDA}.AppStore|iPhone.Build.0 = AppStore|iPhone
		{2E0C6BDC-3B2B-46DE-9D30-61BE97041EDA}.AppStore|iPhoneSimulator.ActiveCfg = AppStore|iPhoneSimulator
		{2E0C6BDC-3B2B-46DE-9D30-61BE97041EDA}.AppStore|iPhoneSimulator.Build.0 = AppStore|iPhoneSimulator
		{2E0C6BDC-3B2B-46DE-9D30-61BE97041EDA}.AppStore|x64.ActiveCfg = AppStore|iPhoneSimulator
		{2E0C6BDC-3B2B-46DE-9D30-61BE97041EDA}.AppStore|x86.ActiveCfg = AppStore|iPhoneSimulator
		{2E0C6BDC-3B2B-46DE-9D30-61BE97041EDA}.Debug|Any CPU.ActiveCfg = Debug|iPhoneSimulator
		{2E0C6BDC-3B2B-46DE-9D30-61BE97041EDA}.Debug|ARM.ActiveCfg = Debug|iPhoneSimulator
		{2E0C6BDC-3B2B-46DE-9D30-61BE97041EDA}.Debug|ARM64.ActiveCfg = Debug|iPhoneSimulator
		{2E0C6BDC-3B2B-46DE-9D30-61BE97041EDA}.Debug|iPhone.ActiveCfg = Debug|iPhone
		{2E0C6BDC-3B2B-46DE-9D30-61BE97041EDA}.Debug|iPhone.Build.0 = Debug|iPhone
		{2E0C6BDC-3B2B-46DE-9D30-61BE97041EDA}.Debug|iPhoneSimulator.ActiveCfg = Debug|iPhoneSimulator
		{2E0C6BDC-3B2B-46DE-9D30-61BE97041EDA}.Debug|iPhoneSimulator.Build.0 = Debug|iPhoneSimulator
		{2E0C6BDC-3B2B-46DE-9D30-61BE97041EDA}.Debug|x64.ActiveCfg = Debug|iPhoneSimulator
		{2E0C6BDC-3B2B-46DE-9D30-61BE97041EDA}.Debug|x86.ActiveCfg = Debug|iPhoneSimulator
		{2E0C6BDC-3B2B-46DE-9D30-61BE97041EDA}.Release|Any CPU.ActiveCfg = Release|iPhoneSimulator
		{2E0C6BDC-3B2B-46DE-9D30-61BE97041EDA}.Release|ARM.ActiveCfg = Release|iPhoneSimulator
		{2E0C6BDC-3B2B-46DE-9D30-61BE97041EDA}.Release|ARM64.ActiveCfg = Release|iPhoneSimulator
		{2E0C6BDC-3B2B-46DE-9D30-61BE97041EDA}.Release|iPhone.ActiveCfg = Release|iPhone
		{2E0C6BDC-3B2B-46DE-9D30-61BE97041EDA}.Release|iPhone.Build.0 = Release|iPhone
		{2E0C6BDC-3B2B-46DE-9D30-61BE97041EDA}.Release|iPhoneSimulator.ActiveCfg = Release|iPhoneSimulator
		{2E0C6BDC-3B2B-46DE-9D30-61BE97041EDA}.Release|iPhoneSimulator.Build.0 = Release|iPhoneSimulator
		{2E0C6BDC-3B2B-46DE-9D30-61BE97041EDA}.Release|x64.ActiveCfg = Release|iPhoneSimulator
		{2E0C6BDC-3B2B-46DE-9D30-61BE97041EDA}.Release|x86.ActiveCfg = Release|iPhoneSimulator
		{C608FFAB-E0C8-4BC9-B12F-D32116878EEE}.Ad-Hoc|Any CPU.ActiveCfg = Debug|x86
		{C608FFAB-E0C8-4BC9-B12F-D32116878EEE}.Ad-Hoc|Any CPU.Build.0 = Debug|x86
		{C608FFAB-E0C8-4BC9-B12F-D32116878EEE}.Ad-Hoc|Any CPU.Deploy.0 = Debug|x86
		{C608FFAB-E0C8-4BC9-B12F-D32116878EEE}.Ad-Hoc|ARM.ActiveCfg = Debug|ARM
		{C608FFAB-E0C8-4BC9-B12F-D32116878EEE}.Ad-Hoc|ARM.Build.0 = Debug|ARM
		{C608FFAB-E0C8-4BC9-B12F-D32116878EEE}.Ad-Hoc|ARM.Deploy.0 = Debug|ARM
		{C608FFAB-E0C8-4BC9-B12F-D32116878EEE}.Ad-Hoc|ARM64.ActiveCfg = Debug|ARM64
		{C608FFAB-E0C8-4BC9-B12F-D32116878EEE}.Ad-Hoc|ARM64.Build.0 = Debug|ARM64
		{C608FFAB-E0C8-4BC9-B12F-D32116878EEE}.Ad-Hoc|ARM64.Deploy.0 = Debug|ARM64
		{C608FFAB-E0C8-4BC9-B12F-D32116878EEE}.Ad-Hoc|iPhone.ActiveCfg = Debug|x86
		{C608FFAB-E0C8-4BC9-B12F-D32116878EEE}.Ad-Hoc|iPhone.Build.0 = Debug|x86
		{C608FFAB-E0C8-4BC9-B12F-D32116878EEE}.Ad-Hoc|iPhone.Deploy.0 = Debug|x86
		{C608FFAB-E0C8-4BC9-B12F-D32116878EEE}.Ad-Hoc|iPhoneSimulator.ActiveCfg = Debug|x86
		{C608FFAB-E0C8-4BC9-B12F-D32116878EEE}.Ad-Hoc|iPhoneSimulator.Build.0 = Debug|x86
		{C608FFAB-E0C8-4BC9-B12F-D32116878EEE}.Ad-Hoc|iPhoneSimulator.Deploy.0 = Debug|x86
		{C608FFAB-E0C8-4BC9-B12F-D32116878EEE}.Ad-Hoc|x64.ActiveCfg = Debug|x64
		{C608FFAB-E0C8-4BC9-B12F-D32116878EEE}.Ad-Hoc|x64.Build.0 = Debug|x64
		{C608FFAB-E0C8-4BC9-B12F-D32116878EEE}.Ad-Hoc|x64.Deploy.0 = Debug|x64
		{C608FFAB-E0C8-4BC9-B12F-D32116878EEE}.Ad-Hoc|x86.ActiveCfg = Debug|x86
		{C608FFAB-E0C8-4BC9-B12F-D32116878EEE}.Ad-Hoc|x86.Build.0 = Debug|x86
		{C608FFAB-E0C8-4BC9-B12F-D32116878EEE}.Ad-Hoc|x86.Deploy.0 = Debug|x86
		{C608FFAB-E0C8-4BC9-B12F-D32116878EEE}.AppStore|Any CPU.ActiveCfg = Debug|x86
		{C608FFAB-E0C8-4BC9-B12F-D32116878EEE}.AppStore|Any CPU.Build.0 = Debug|x86
		{C608FFAB-E0C8-4BC9-B12F-D32116878EEE}.AppStore|Any CPU.Deploy.0 = Debug|x86
		{C608FFAB-E0C8-4BC9-B12F-D32116878EEE}.AppStore|ARM.ActiveCfg = Debug|ARM
		{C608FFAB-E0C8-4BC9-B12F-D32116878EEE}.AppStore|ARM.Build.0 = Debug|ARM
		{C608FFAB-E0C8-4BC9-B12F-D32116878EEE}.AppStore|ARM.Deploy.0 = Debug|ARM
		{C608FFAB-E0C8-4BC9-B12F-D32116878EEE}.AppStore|ARM64.ActiveCfg = Debug|ARM64
		{C608FFAB-E0C8-4BC9-B12F-D32116878EEE}.AppStore|ARM64.Build.0 = Debug|ARM64
		{C608FFAB-E0C8-4BC9-B12F-D32116878EEE}.AppStore|ARM64.Deploy.0 = Debug|ARM64
		{C608FFAB-E0C8-4BC9-B12F-D32116878EEE}.AppStore|iPhone.ActiveCfg = Debug|x86
		{C608FFAB-E0C8-4BC9-B12F-D32116878EEE}.AppStore|iPhone.Build.0 = Debug|x86
		{C608FFAB-E0C8-4BC9-B12F-D32116878EEE}.AppStore|iPhone.Deploy.0 = Debug|x86
		{C608FFAB-E0C8-4BC9-B12F-D32116878EEE}.AppStore|iPhoneSimulator.ActiveCfg = Debug|x86
		{C608FFAB-E0C8-4BC9-B12F-D32116878EEE}.AppStore|iPhoneSimulator.Build.0 = Debug|x86
		{C608FFAB-E0C8-4BC9-B12F-D32116878EEE}.AppStore|iPhoneSimulator.Deploy.0 = Debug|x86
		{C608FFAB-E0C8-4BC9-B12F-D32116878EEE}.AppStore|x64.ActiveCfg = Debug|x64
		{C608FFAB-E0C8-4BC9-B12F-D32116878EEE}.AppStore|x64.Build.0 = Debug|x64
		{C608FFAB-E0C8-4BC9-B12F-D32116878EEE}.AppStore|x64.Deploy.0 = Debug|x64
		{C608FFAB-E0C8-4BC9-B12F-D32116878EEE}.AppStore|x86.ActiveCfg = Debug|x86
		{C608FFAB-E0C8-4BC9-B12F-D32116878EEE}.AppStore|x86.Build.0 = Debug|x86
		{C608FFAB-E0C8-4BC9-B12F-D32116878EEE}.AppStore|x86.Deploy.0 = Debug|x86
		{C608FFAB-E0C8-4BC9-B12F-D32116878EEE}.Debug|Any CPU.ActiveCfg = Debug|x86
		{C608FFAB-E0C8-4BC9-B12F-D32116878EEE}.Debug|Any CPU.Build.0 = Debug|x86
		{C608FFAB-E0C8-4BC9-B12F-D32116878EEE}.Debug|Any CPU.Deploy.0 = Debug|x86
		{C608FFAB-E0C8-4BC9-B12F-D32116878EEE}.Debug|ARM.ActiveCfg = Debug|ARM
		{C608FFAB-E0C8-4BC9-B12F-D32116878EEE}.Debug|ARM.Build.0 = Debug|ARM
		{C608FFAB-E0C8-4BC9-B12F-D32116878EEE}.Debug|ARM.Deploy.0 = Debug|ARM
		{C608FFAB-E0C8-4BC9-B12F-D32116878EEE}.Debug|ARM64.ActiveCfg = Debug|ARM64
		{C608FFAB-E0C8-4BC9-B12F-D32116878EEE}.Debug|ARM64.Build.0 = Debug|ARM64
		{C608FFAB-E0C8-4BC9-B12F-D32116878EEE}.Debug|ARM64.Deploy.0 = Debug|ARM64
		{C608FFAB-E0C8-4BC9-B12F-D32116878EEE}.Debug|iPhone.ActiveCfg = Debug|x86
		{C608FFAB-E0C8-4BC9-B12F-D32116878EEE}.Debug|iPhoneSimulator.ActiveCfg = Debug|x86
		{C608FFAB-E0C8-4BC9-B12F-D32116878EEE}.Debug|x64.ActiveCfg = Debug|x64
		{C608FFAB-E0C8-4BC9-B12F-D32116878EEE}.Debug|x64.Build.0 = Debug|x64
		{C608FFAB-E0C8-4BC9-B12F-D32116878EEE}.Debug|x64.Deploy.0 = Debug|x64
		{C608FFAB-E0C8-4BC9-B12F-D32116878EEE}.Debug|x86.ActiveCfg = Debug|x86
		{C608FFAB-E0C8-4BC9-B12F-D32116878EEE}.Debug|x86.Build.0 = Debug|x86
		{C608FFAB-E0C8-4BC9-B12F-D32116878EEE}.Debug|x86.Deploy.0 = Debug|x86
		{C608FFAB-E0C8-4BC9-B12F-D32116878EEE}.Release|Any CPU.ActiveCfg = Release|x86
		{C608FFAB-E0C8-4BC9-B12F-D32116878EEE}.Release|ARM.ActiveCfg = Release|ARM
		{C608FFAB-E0C8-4BC9-B12F-D32116878EEE}.Release|ARM.Build.0 = Release|ARM
		{C608FFAB-E0C8-4BC9-B12F-D32116878EEE}.Release|ARM.Deploy.0 = Release|ARM
		{C608FFAB-E0C8-4BC9-B12F-D32116878EEE}.Release|ARM64.ActiveCfg = Release|ARM64
		{C608FFAB-E0C8-4BC9-B12F-D32116878EEE}.Release|ARM64.Build.0 = Release|ARM64
		{C608FFAB-E0C8-4BC9-B12F-D32116878EEE}.Release|ARM64.Deploy.0 = Release|ARM64
		{C608FFAB-E0C8-4BC9-B12F-D32116878EEE}.Release|iPhone.ActiveCfg = Release|x86
		{C608FFAB-E0C8-4BC9-B12F-D32116878EEE}.Release|iPhoneSimulator.ActiveCfg = Release|x86
		{C608FFAB-E0C8-4BC9-B12F-D32116878EEE}.Release|x64.ActiveCfg = Release|x64
		{C608FFAB-E0C8-4BC9-B12F-D32116878EEE}.Release|x64.Build.0 = Release|x64
		{C608FFAB-E0C8-4BC9-B12F-D32116878EEE}.Release|x64.Deploy.0 = Release|x64
		{C608FFAB-E0C8-4BC9-B12F-D32116878EEE}.Release|x86.ActiveCfg = Release|x86
		{C608FFAB-E0C8-4BC9-B12F-D32116878EEE}.Release|x86.Build.0 = Release|x86
		{C608FFAB-E0C8-4BC9-B12F-D32116878EEE}.Release|x86.Deploy.0 = Release|x86
		{AA2BB9D0-36F7-449A-9C72-F01B63666B2E}.Ad-Hoc|Any CPU.ActiveCfg = Release|Any CPU
		{AA2BB9D0-36F7-449A-9C72-F01B63666B2E}.Ad-Hoc|Any CPU.Build.0 = Release|Any CPU
		{AA2BB9D0-36F7-449A-9C72-F01B63666B2E}.Ad-Hoc|ARM.ActiveCfg = Release|Any CPU
		{AA2BB9D0-36F7-449A-9C72-F01B63666B2E}.Ad-Hoc|ARM.Build.0 = Release|Any CPU
		{AA2BB9D0-36F7-449A-9C72-F01B63666B2E}.Ad-Hoc|ARM64.ActiveCfg = Release|Any CPU
		{AA2BB9D0-36F7-449A-9C72-F01B63666B2E}.Ad-Hoc|ARM64.Build.0 = Release|Any CPU
		{AA2BB9D0-36F7-449A-9C72-F01B63666B2E}.Ad-Hoc|iPhone.ActiveCfg = Release|Any CPU
		{AA2BB9D0-36F7-449A-9C72-F01B63666B2E}.Ad-Hoc|iPhone.Build.0 = Release|Any CPU
		{AA2BB9D0-36F7-449A-9C72-F01B63666B2E}.Ad-Hoc|iPhoneSimulator.ActiveCfg = Release|Any CPU
		{AA2BB9D0-36F7-449A-9C72-F01B63666B2E}.Ad-Hoc|iPhoneSimulator.Build.0 = Release|Any CPU
		{AA2BB9D0-36F7-449A-9C72-F01B63666B2E}.Ad-Hoc|x64.ActiveCfg = Release|Any CPU
		{AA2BB9D0-36F7-449A-9C72-F01B63666B2E}.Ad-Hoc|x64.Build.0 = Release|Any CPU
		{AA2BB9D0-36F7-449A-9C72-F01B63666B2E}.Ad-Hoc|x86.ActiveCfg = Release|Any CPU
		{AA2BB9D0-36F7-449A-9C72-F01B63666B2E}.Ad-Hoc|x86.Build.0 = Release|Any CPU
		{AA2BB9D0-36F7-449A-9C72-F01B63666B2E}.AppStore|Any CPU.ActiveCfg = Release|Any CPU
		{AA2BB9D0-36F7-449A-9C72-F01B63666B2E}.AppStore|Any CPU.Build.0 = Release|Any CPU
		{AA2BB9D0-36F7-449A-9C72-F01B63666B2E}.AppStore|ARM.ActiveCfg = Release|Any CPU
		{AA2BB9D0-36F7-449A-9C72-F01B63666B2E}.AppStore|ARM.Build.0 = Release|Any CPU
		{AA2BB9D0-36F7-449A-9C72-F01B63666B2E}.AppStore|ARM64.ActiveCfg = Release|Any CPU
		{AA2BB9D0-36F7-449A-9C72-F01B63666B2E}.AppStore|ARM64.Build.0 = Release|Any CPU
		{AA2BB9D0-36F7-449A-9C72-F01B63666B2E}.AppStore|iPhone.ActiveCfg = Release|Any CPU
		{AA2BB9D0-36F7-449A-9C72-F01B63666B2E}.AppStore|iPhone.Build.0 = Release|Any CPU
		{AA2BB9D0-36F7-449A-9C72-F01B63666B2E}.AppStore|iPhoneSimulator.ActiveCfg = Release|Any CPU
		{AA2BB9D0-36F7-449A-9C72-F01B63666B2E}.AppStore|iPhoneSimulator.Build.0 = Release|Any CPU
		{AA2BB9D0-36F7-449A-9C72-F01B63666B2E}.AppStore|x64.ActiveCfg = Release|Any CPU
		{AA2BB9D0-36F7-449A-9C72-F01B63666B2E}.AppStore|x64.Build.0 = Release|Any CPU
		{AA2BB9D0-36F7-449A-9C72-F01B63666B2E}.AppStore|x86.ActiveCfg = Release|Any CPU
		{AA2BB9D0-36F7-449A-9C72-F01B63666B2E}.AppStore|x86.Build.0 = Release|Any CPU
		{AA2BB9D0-36F7-449A-9C72-F01B63666B2E}.Debug|Any CPU.ActiveCfg = Debug|Any CPU
		{AA2BB9D0-36F7-449A-9C72-F01B63666B2E}.Debug|Any CPU.Build.0 = Debug|Any CPU
		{AA2BB9D0-36F7-449A-9C72-F01B63666B2E}.Debug|ARM.ActiveCfg = Debug|Any CPU
		{AA2BB9D0-36F7-449A-9C72-F01B63666B2E}.Debug|ARM.Build.0 = Debug|Any CPU
		{AA2BB9D0-36F7-449A-9C72-F01B63666B2E}.Debug|ARM64.ActiveCfg = Debug|Any CPU
		{AA2BB9D0-36F7-449A-9C72-F01B63666B2E}.Debug|ARM64.Build.0 = Debug|Any CPU
		{AA2BB9D0-36F7-449A-9C72-F01B63666B2E}.Debug|iPhone.ActiveCfg = Debug|Any CPU
		{AA2BB9D0-36F7-449A-9C72-F01B63666B2E}.Debug|iPhone.Build.0 = Debug|Any CPU
		{AA2BB9D0-36F7-449A-9C72-F01B63666B2E}.Debug|iPhoneSimulator.ActiveCfg = Debug|Any CPU
		{AA2BB9D0-36F7-449A-9C72-F01B63666B2E}.Debug|iPhoneSimulator.Build.0 = Debug|Any CPU
		{AA2BB9D0-36F7-449A-9C72-F01B63666B2E}.Debug|x64.ActiveCfg = Debug|Any CPU
		{AA2BB9D0-36F7-449A-9C72-F01B63666B2E}.Debug|x64.Build.0 = Debug|Any CPU
		{AA2BB9D0-36F7-449A-9C72-F01B63666B2E}.Debug|x86.ActiveCfg = Debug|Any CPU
		{AA2BB9D0-36F7-449A-9C72-F01B63666B2E}.Debug|x86.Build.0 = Debug|Any CPU
		{AA2BB9D0-36F7-449A-9C72-F01B63666B2E}.Release|Any CPU.ActiveCfg = Release|Any CPU
		{AA2BB9D0-36F7-449A-9C72-F01B63666B2E}.Release|Any CPU.Build.0 = Release|Any CPU
		{AA2BB9D0-36F7-449A-9C72-F01B63666B2E}.Release|ARM.ActiveCfg = Release|Any CPU
		{AA2BB9D0-36F7-449A-9C72-F01B63666B2E}.Release|ARM.Build.0 = Release|Any CPU
		{AA2BB9D0-36F7-449A-9C72-F01B63666B2E}.Release|ARM64.ActiveCfg = Release|Any CPU
		{AA2BB9D0-36F7-449A-9C72-F01B63666B2E}.Release|ARM64.Build.0 = Release|Any CPU
		{AA2BB9D0-36F7-449A-9C72-F01B63666B2E}.Release|iPhone.ActiveCfg = Release|Any CPU
		{AA2BB9D0-36F7-449A-9C72-F01B63666B2E}.Release|iPhone.Build.0 = Release|Any CPU
		{AA2BB9D0-36F7-449A-9C72-F01B63666B2E}.Release|iPhoneSimulator.ActiveCfg = Release|Any CPU
		{AA2BB9D0-36F7-449A-9C72-F01B63666B2E}.Release|iPhoneSimulator.Build.0 = Release|Any CPU
		{AA2BB9D0-36F7-449A-9C72-F01B63666B2E}.Release|x64.ActiveCfg = Release|Any CPU
		{AA2BB9D0-36F7-449A-9C72-F01B63666B2E}.Release|x64.Build.0 = Release|Any CPU
		{AA2BB9D0-36F7-449A-9C72-F01B63666B2E}.Release|x86.ActiveCfg = Release|Any CPU
		{AA2BB9D0-36F7-449A-9C72-F01B63666B2E}.Release|x86.Build.0 = Release|Any CPU
		{99C5486B-3C25-4027-9BBF-BD958148322E}.Ad-Hoc|Any CPU.ActiveCfg = Debug|iPhoneSimulator
		{99C5486B-3C25-4027-9BBF-BD958148322E}.Ad-Hoc|Any CPU.Build.0 = Debug|iPhoneSimulator
		{99C5486B-3C25-4027-9BBF-BD958148322E}.Ad-Hoc|ARM.ActiveCfg = Debug|iPhoneSimulator
		{99C5486B-3C25-4027-9BBF-BD958148322E}.Ad-Hoc|ARM.Build.0 = Debug|iPhoneSimulator
		{99C5486B-3C25-4027-9BBF-BD958148322E}.Ad-Hoc|ARM64.ActiveCfg = Debug|iPhoneSimulator
		{99C5486B-3C25-4027-9BBF-BD958148322E}.Ad-Hoc|ARM64.Build.0 = Debug|iPhoneSimulator
		{99C5486B-3C25-4027-9BBF-BD958148322E}.Ad-Hoc|iPhone.ActiveCfg = Debug|iPhoneSimulator
		{99C5486B-3C25-4027-9BBF-BD958148322E}.Ad-Hoc|iPhone.Build.0 = Debug|iPhoneSimulator
		{99C5486B-3C25-4027-9BBF-BD958148322E}.Ad-Hoc|iPhoneSimulator.ActiveCfg = Debug|iPhoneSimulator
		{99C5486B-3C25-4027-9BBF-BD958148322E}.Ad-Hoc|iPhoneSimulator.Build.0 = Debug|iPhoneSimulator
		{99C5486B-3C25-4027-9BBF-BD958148322E}.Ad-Hoc|x64.ActiveCfg = Debug|iPhoneSimulator
		{99C5486B-3C25-4027-9BBF-BD958148322E}.Ad-Hoc|x64.Build.0 = Debug|iPhoneSimulator
		{99C5486B-3C25-4027-9BBF-BD958148322E}.Ad-Hoc|x86.ActiveCfg = Debug|iPhoneSimulator
		{99C5486B-3C25-4027-9BBF-BD958148322E}.Ad-Hoc|x86.Build.0 = Debug|iPhoneSimulator
		{99C5486B-3C25-4027-9BBF-BD958148322E}.AppStore|Any CPU.ActiveCfg = Debug|iPhoneSimulator
		{99C5486B-3C25-4027-9BBF-BD958148322E}.AppStore|Any CPU.Build.0 = Debug|iPhoneSimulator
		{99C5486B-3C25-4027-9BBF-BD958148322E}.AppStore|ARM.ActiveCfg = Debug|iPhoneSimulator
		{99C5486B-3C25-4027-9BBF-BD958148322E}.AppStore|ARM.Build.0 = Debug|iPhoneSimulator
		{99C5486B-3C25-4027-9BBF-BD958148322E}.AppStore|ARM64.ActiveCfg = Debug|iPhoneSimulator
		{99C5486B-3C25-4027-9BBF-BD958148322E}.AppStore|ARM64.Build.0 = Debug|iPhoneSimulator
		{99C5486B-3C25-4027-9BBF-BD958148322E}.AppStore|iPhone.ActiveCfg = Debug|iPhoneSimulator
		{99C5486B-3C25-4027-9BBF-BD958148322E}.AppStore|iPhone.Build.0 = Debug|iPhoneSimulator
		{99C5486B-3C25-4027-9BBF-BD958148322E}.AppStore|iPhoneSimulator.ActiveCfg = Debug|iPhoneSimulator
		{99C5486B-3C25-4027-9BBF-BD958148322E}.AppStore|iPhoneSimulator.Build.0 = Debug|iPhoneSimulator
		{99C5486B-3C25-4027-9BBF-BD958148322E}.AppStore|x64.ActiveCfg = Debug|iPhoneSimulator
		{99C5486B-3C25-4027-9BBF-BD958148322E}.AppStore|x64.Build.0 = Debug|iPhoneSimulator
		{99C5486B-3C25-4027-9BBF-BD958148322E}.AppStore|x86.ActiveCfg = Debug|iPhoneSimulator
		{99C5486B-3C25-4027-9BBF-BD958148322E}.AppStore|x86.Build.0 = Debug|iPhoneSimulator
		{99C5486B-3C25-4027-9BBF-BD958148322E}.Debug|Any CPU.ActiveCfg = Debug|iPhoneSimulator
		{99C5486B-3C25-4027-9BBF-BD958148322E}.Debug|ARM.ActiveCfg = Debug|iPhoneSimulator
		{99C5486B-3C25-4027-9BBF-BD958148322E}.Debug|ARM64.ActiveCfg = Debug|iPhoneSimulator
		{99C5486B-3C25-4027-9BBF-BD958148322E}.Debug|iPhone.ActiveCfg = Debug|iPhoneSimulator
		{99C5486B-3C25-4027-9BBF-BD958148322E}.Debug|iPhoneSimulator.ActiveCfg = Debug|iPhoneSimulator
		{99C5486B-3C25-4027-9BBF-BD958148322E}.Debug|iPhoneSimulator.Build.0 = Debug|iPhoneSimulator
		{99C5486B-3C25-4027-9BBF-BD958148322E}.Debug|x64.ActiveCfg = Debug|iPhoneSimulator
		{99C5486B-3C25-4027-9BBF-BD958148322E}.Debug|x86.ActiveCfg = Debug|iPhoneSimulator
		{99C5486B-3C25-4027-9BBF-BD958148322E}.Release|Any CPU.ActiveCfg = Release|iPhoneSimulator
		{99C5486B-3C25-4027-9BBF-BD958148322E}.Release|ARM.ActiveCfg = Release|iPhoneSimulator
		{99C5486B-3C25-4027-9BBF-BD958148322E}.Release|ARM64.ActiveCfg = Release|iPhoneSimulator
		{99C5486B-3C25-4027-9BBF-BD958148322E}.Release|iPhone.ActiveCfg = Release|iPhoneSimulator
		{99C5486B-3C25-4027-9BBF-BD958148322E}.Release|iPhoneSimulator.ActiveCfg = Release|iPhoneSimulator
		{99C5486B-3C25-4027-9BBF-BD958148322E}.Release|iPhoneSimulator.Build.0 = Release|iPhoneSimulator
		{99C5486B-3C25-4027-9BBF-BD958148322E}.Release|x64.ActiveCfg = Release|iPhoneSimulator
		{99C5486B-3C25-4027-9BBF-BD958148322E}.Release|x86.ActiveCfg = Release|iPhoneSimulator
		{CBEC4B15-9DA5-4043-9BBC-E0494BD648D9}.Ad-Hoc|Any CPU.ActiveCfg = Release|Any CPU
		{CBEC4B15-9DA5-4043-9BBC-E0494BD648D9}.Ad-Hoc|Any CPU.Build.0 = Release|Any CPU
		{CBEC4B15-9DA5-4043-9BBC-E0494BD648D9}.Ad-Hoc|ARM.ActiveCfg = Release|Any CPU
		{CBEC4B15-9DA5-4043-9BBC-E0494BD648D9}.Ad-Hoc|ARM.Build.0 = Release|Any CPU
		{CBEC4B15-9DA5-4043-9BBC-E0494BD648D9}.Ad-Hoc|ARM64.ActiveCfg = Release|Any CPU
		{CBEC4B15-9DA5-4043-9BBC-E0494BD648D9}.Ad-Hoc|ARM64.Build.0 = Release|Any CPU
		{CBEC4B15-9DA5-4043-9BBC-E0494BD648D9}.Ad-Hoc|iPhone.ActiveCfg = Release|Any CPU
		{CBEC4B15-9DA5-4043-9BBC-E0494BD648D9}.Ad-Hoc|iPhone.Build.0 = Release|Any CPU
		{CBEC4B15-9DA5-4043-9BBC-E0494BD648D9}.Ad-Hoc|iPhoneSimulator.ActiveCfg = Release|Any CPU
		{CBEC4B15-9DA5-4043-9BBC-E0494BD648D9}.Ad-Hoc|iPhoneSimulator.Build.0 = Release|Any CPU
		{CBEC4B15-9DA5-4043-9BBC-E0494BD648D9}.Ad-Hoc|x64.ActiveCfg = Release|Any CPU
		{CBEC4B15-9DA5-4043-9BBC-E0494BD648D9}.Ad-Hoc|x64.Build.0 = Release|Any CPU
		{CBEC4B15-9DA5-4043-9BBC-E0494BD648D9}.Ad-Hoc|x86.ActiveCfg = Release|Any CPU
		{CBEC4B15-9DA5-4043-9BBC-E0494BD648D9}.Ad-Hoc|x86.Build.0 = Release|Any CPU
		{CBEC4B15-9DA5-4043-9BBC-E0494BD648D9}.AppStore|Any CPU.ActiveCfg = Release|Any CPU
		{CBEC4B15-9DA5-4043-9BBC-E0494BD648D9}.AppStore|Any CPU.Build.0 = Release|Any CPU
		{CBEC4B15-9DA5-4043-9BBC-E0494BD648D9}.AppStore|ARM.ActiveCfg = Release|Any CPU
		{CBEC4B15-9DA5-4043-9BBC-E0494BD648D9}.AppStore|ARM.Build.0 = Release|Any CPU
		{CBEC4B15-9DA5-4043-9BBC-E0494BD648D9}.AppStore|ARM64.ActiveCfg = Release|Any CPU
		{CBEC4B15-9DA5-4043-9BBC-E0494BD648D9}.AppStore|ARM64.Build.0 = Release|Any CPU
		{CBEC4B15-9DA5-4043-9BBC-E0494BD648D9}.AppStore|iPhone.ActiveCfg = Release|Any CPU
		{CBEC4B15-9DA5-4043-9BBC-E0494BD648D9}.AppStore|iPhone.Build.0 = Release|Any CPU
		{CBEC4B15-9DA5-4043-9BBC-E0494BD648D9}.AppStore|iPhoneSimulator.ActiveCfg = Release|Any CPU
		{CBEC4B15-9DA5-4043-9BBC-E0494BD648D9}.AppStore|iPhoneSimulator.Build.0 = Release|Any CPU
		{CBEC4B15-9DA5-4043-9BBC-E0494BD648D9}.AppStore|x64.ActiveCfg = Release|Any CPU
		{CBEC4B15-9DA5-4043-9BBC-E0494BD648D9}.AppStore|x64.Build.0 = Release|Any CPU
		{CBEC4B15-9DA5-4043-9BBC-E0494BD648D9}.AppStore|x86.ActiveCfg = Release|Any CPU
		{CBEC4B15-9DA5-4043-9BBC-E0494BD648D9}.AppStore|x86.Build.0 = Release|Any CPU
		{CBEC4B15-9DA5-4043-9BBC-E0494BD648D9}.Debug|Any CPU.ActiveCfg = Debug|Any CPU
		{CBEC4B15-9DA5-4043-9BBC-E0494BD648D9}.Debug|Any CPU.Build.0 = Debug|Any CPU
		{CBEC4B15-9DA5-4043-9BBC-E0494BD648D9}.Debug|ARM.ActiveCfg = Debug|Any CPU
		{CBEC4B15-9DA5-4043-9BBC-E0494BD648D9}.Debug|ARM.Build.0 = Debug|Any CPU
		{CBEC4B15-9DA5-4043-9BBC-E0494BD648D9}.Debug|ARM64.ActiveCfg = Debug|Any CPU
		{CBEC4B15-9DA5-4043-9BBC-E0494BD648D9}.Debug|ARM64.Build.0 = Debug|Any CPU
		{CBEC4B15-9DA5-4043-9BBC-E0494BD648D9}.Debug|iPhone.ActiveCfg = Debug|Any CPU
		{CBEC4B15-9DA5-4043-9BBC-E0494BD648D9}.Debug|iPhone.Build.0 = Debug|Any CPU
		{CBEC4B15-9DA5-4043-9BBC-E0494BD648D9}.Debug|iPhoneSimulator.ActiveCfg = Debug|Any CPU
		{CBEC4B15-9DA5-4043-9BBC-E0494BD648D9}.Debug|iPhoneSimulator.Build.0 = Debug|Any CPU
		{CBEC4B15-9DA5-4043-9BBC-E0494BD648D9}.Debug|x64.ActiveCfg = Debug|Any CPU
		{CBEC4B15-9DA5-4043-9BBC-E0494BD648D9}.Debug|x64.Build.0 = Debug|Any CPU
		{CBEC4B15-9DA5-4043-9BBC-E0494BD648D9}.Debug|x86.ActiveCfg = Debug|Any CPU
		{CBEC4B15-9DA5-4043-9BBC-E0494BD648D9}.Debug|x86.Build.0 = Debug|Any CPU
		{CBEC4B15-9DA5-4043-9BBC-E0494BD648D9}.Release|Any CPU.ActiveCfg = Release|Any CPU
		{CBEC4B15-9DA5-4043-9BBC-E0494BD648D9}.Release|Any CPU.Build.0 = Release|Any CPU
		{CBEC4B15-9DA5-4043-9BBC-E0494BD648D9}.Release|ARM.ActiveCfg = Release|Any CPU
		{CBEC4B15-9DA5-4043-9BBC-E0494BD648D9}.Release|ARM.Build.0 = Release|Any CPU
		{CBEC4B15-9DA5-4043-9BBC-E0494BD648D9}.Release|ARM64.ActiveCfg = Release|Any CPU
		{CBEC4B15-9DA5-4043-9BBC-E0494BD648D9}.Release|ARM64.Build.0 = Release|Any CPU
		{CBEC4B15-9DA5-4043-9BBC-E0494BD648D9}.Release|iPhone.ActiveCfg = Release|Any CPU
		{CBEC4B15-9DA5-4043-9BBC-E0494BD648D9}.Release|iPhone.Build.0 = Release|Any CPU
		{CBEC4B15-9DA5-4043-9BBC-E0494BD648D9}.Release|iPhoneSimulator.ActiveCfg = Release|Any CPU
		{CBEC4B15-9DA5-4043-9BBC-E0494BD648D9}.Release|iPhoneSimulator.Build.0 = Release|Any CPU
		{CBEC4B15-9DA5-4043-9BBC-E0494BD648D9}.Release|x64.ActiveCfg = Release|Any CPU
		{CBEC4B15-9DA5-4043-9BBC-E0494BD648D9}.Release|x64.Build.0 = Release|Any CPU
		{CBEC4B15-9DA5-4043-9BBC-E0494BD648D9}.Release|x86.ActiveCfg = Release|Any CPU
		{CBEC4B15-9DA5-4043-9BBC-E0494BD648D9}.Release|x86.Build.0 = Release|Any CPU
		{E2BC1359-6F14-4FBB-B5FA-CE4BBD7E545C}.Ad-Hoc|Any CPU.ActiveCfg = Release|Any CPU
		{E2BC1359-6F14-4FBB-B5FA-CE4BBD7E545C}.Ad-Hoc|Any CPU.Build.0 = Release|Any CPU
		{E2BC1359-6F14-4FBB-B5FA-CE4BBD7E545C}.Ad-Hoc|ARM.ActiveCfg = Release|Any CPU
		{E2BC1359-6F14-4FBB-B5FA-CE4BBD7E545C}.Ad-Hoc|ARM.Build.0 = Release|Any CPU
		{E2BC1359-6F14-4FBB-B5FA-CE4BBD7E545C}.Ad-Hoc|ARM64.ActiveCfg = Release|Any CPU
		{E2BC1359-6F14-4FBB-B5FA-CE4BBD7E545C}.Ad-Hoc|ARM64.Build.0 = Release|Any CPU
		{E2BC1359-6F14-4FBB-B5FA-CE4BBD7E545C}.Ad-Hoc|iPhone.ActiveCfg = Release|Any CPU
		{E2BC1359-6F14-4FBB-B5FA-CE4BBD7E545C}.Ad-Hoc|iPhone.Build.0 = Release|Any CPU
		{E2BC1359-6F14-4FBB-B5FA-CE4BBD7E545C}.Ad-Hoc|iPhoneSimulator.ActiveCfg = Release|Any CPU
		{E2BC1359-6F14-4FBB-B5FA-CE4BBD7E545C}.Ad-Hoc|iPhoneSimulator.Build.0 = Release|Any CPU
		{E2BC1359-6F14-4FBB-B5FA-CE4BBD7E545C}.Ad-Hoc|x64.ActiveCfg = Release|Any CPU
		{E2BC1359-6F14-4FBB-B5FA-CE4BBD7E545C}.Ad-Hoc|x64.Build.0 = Release|Any CPU
		{E2BC1359-6F14-4FBB-B5FA-CE4BBD7E545C}.Ad-Hoc|x86.ActiveCfg = Release|Any CPU
		{E2BC1359-6F14-4FBB-B5FA-CE4BBD7E545C}.Ad-Hoc|x86.Build.0 = Release|Any CPU
		{E2BC1359-6F14-4FBB-B5FA-CE4BBD7E545C}.AppStore|Any CPU.ActiveCfg = Release|Any CPU
		{E2BC1359-6F14-4FBB-B5FA-CE4BBD7E545C}.AppStore|Any CPU.Build.0 = Release|Any CPU
		{E2BC1359-6F14-4FBB-B5FA-CE4BBD7E545C}.AppStore|ARM.ActiveCfg = Release|Any CPU
		{E2BC1359-6F14-4FBB-B5FA-CE4BBD7E545C}.AppStore|ARM.Build.0 = Release|Any CPU
		{E2BC1359-6F14-4FBB-B5FA-CE4BBD7E545C}.AppStore|ARM64.ActiveCfg = Release|Any CPU
		{E2BC1359-6F14-4FBB-B5FA-CE4BBD7E545C}.AppStore|ARM64.Build.0 = Release|Any CPU
		{E2BC1359-6F14-4FBB-B5FA-CE4BBD7E545C}.AppStore|iPhone.ActiveCfg = Release|Any CPU
		{E2BC1359-6F14-4FBB-B5FA-CE4BBD7E545C}.AppStore|iPhone.Build.0 = Release|Any CPU
		{E2BC1359-6F14-4FBB-B5FA-CE4BBD7E545C}.AppStore|iPhoneSimulator.ActiveCfg = Release|Any CPU
		{E2BC1359-6F14-4FBB-B5FA-CE4BBD7E545C}.AppStore|iPhoneSimulator.Build.0 = Release|Any CPU
		{E2BC1359-6F14-4FBB-B5FA-CE4BBD7E545C}.AppStore|x64.ActiveCfg = Release|Any CPU
		{E2BC1359-6F14-4FBB-B5FA-CE4BBD7E545C}.AppStore|x64.Build.0 = Release|Any CPU
		{E2BC1359-6F14-4FBB-B5FA-CE4BBD7E545C}.AppStore|x86.ActiveCfg = Release|Any CPU
		{E2BC1359-6F14-4FBB-B5FA-CE4BBD7E545C}.AppStore|x86.Build.0 = Release|Any CPU
		{E2BC1359-6F14-4FBB-B5FA-CE4BBD7E545C}.Debug|Any CPU.ActiveCfg = Debug|Any CPU
		{E2BC1359-6F14-4FBB-B5FA-CE4BBD7E545C}.Debug|Any CPU.Build.0 = Debug|Any CPU
		{E2BC1359-6F14-4FBB-B5FA-CE4BBD7E545C}.Debug|ARM.ActiveCfg = Debug|Any CPU
		{E2BC1359-6F14-4FBB-B5FA-CE4BBD7E545C}.Debug|ARM.Build.0 = Debug|Any CPU
		{E2BC1359-6F14-4FBB-B5FA-CE4BBD7E545C}.Debug|ARM64.ActiveCfg = Debug|Any CPU
		{E2BC1359-6F14-4FBB-B5FA-CE4BBD7E545C}.Debug|ARM64.Build.0 = Debug|Any CPU
		{E2BC1359-6F14-4FBB-B5FA-CE4BBD7E545C}.Debug|iPhone.ActiveCfg = Debug|Any CPU
		{E2BC1359-6F14-4FBB-B5FA-CE4BBD7E545C}.Debug|iPhone.Build.0 = Debug|Any CPU
		{E2BC1359-6F14-4FBB-B5FA-CE4BBD7E545C}.Debug|iPhoneSimulator.ActiveCfg = Debug|Any CPU
		{E2BC1359-6F14-4FBB-B5FA-CE4BBD7E545C}.Debug|iPhoneSimulator.Build.0 = Debug|Any CPU
		{E2BC1359-6F14-4FBB-B5FA-CE4BBD7E545C}.Debug|x64.ActiveCfg = Debug|Any CPU
		{E2BC1359-6F14-4FBB-B5FA-CE4BBD7E545C}.Debug|x64.Build.0 = Debug|Any CPU
		{E2BC1359-6F14-4FBB-B5FA-CE4BBD7E545C}.Debug|x86.ActiveCfg = Debug|Any CPU
		{E2BC1359-6F14-4FBB-B5FA-CE4BBD7E545C}.Debug|x86.Build.0 = Debug|Any CPU
		{E2BC1359-6F14-4FBB-B5FA-CE4BBD7E545C}.Release|Any CPU.ActiveCfg = Release|Any CPU
		{E2BC1359-6F14-4FBB-B5FA-CE4BBD7E545C}.Release|Any CPU.Build.0 = Release|Any CPU
		{E2BC1359-6F14-4FBB-B5FA-CE4BBD7E545C}.Release|ARM.ActiveCfg = Release|Any CPU
		{E2BC1359-6F14-4FBB-B5FA-CE4BBD7E545C}.Release|ARM.Build.0 = Release|Any CPU
		{E2BC1359-6F14-4FBB-B5FA-CE4BBD7E545C}.Release|ARM64.ActiveCfg = Release|Any CPU
		{E2BC1359-6F14-4FBB-B5FA-CE4BBD7E545C}.Release|ARM64.Build.0 = Release|Any CPU
		{E2BC1359-6F14-4FBB-B5FA-CE4BBD7E545C}.Release|iPhone.ActiveCfg = Release|Any CPU
		{E2BC1359-6F14-4FBB-B5FA-CE4BBD7E545C}.Release|iPhone.Build.0 = Release|Any CPU
		{E2BC1359-6F14-4FBB-B5FA-CE4BBD7E545C}.Release|iPhoneSimulator.ActiveCfg = Release|Any CPU
		{E2BC1359-6F14-4FBB-B5FA-CE4BBD7E545C}.Release|iPhoneSimulator.Build.0 = Release|Any CPU
		{E2BC1359-6F14-4FBB-B5FA-CE4BBD7E545C}.Release|x64.ActiveCfg = Release|Any CPU
		{E2BC1359-6F14-4FBB-B5FA-CE4BBD7E545C}.Release|x64.Build.0 = Release|Any CPU
		{E2BC1359-6F14-4FBB-B5FA-CE4BBD7E545C}.Release|x86.ActiveCfg = Release|Any CPU
		{E2BC1359-6F14-4FBB-B5FA-CE4BBD7E545C}.Release|x86.Build.0 = Release|Any CPU
		{D889FFB3-526A-4BA6-AF57-533F7552B71A}.Ad-Hoc|Any CPU.ActiveCfg = Release|Any CPU
		{D889FFB3-526A-4BA6-AF57-533F7552B71A}.Ad-Hoc|Any CPU.Build.0 = Release|Any CPU
		{D889FFB3-526A-4BA6-AF57-533F7552B71A}.Ad-Hoc|ARM.ActiveCfg = Release|Any CPU
		{D889FFB3-526A-4BA6-AF57-533F7552B71A}.Ad-Hoc|ARM.Build.0 = Release|Any CPU
		{D889FFB3-526A-4BA6-AF57-533F7552B71A}.Ad-Hoc|ARM64.ActiveCfg = Release|Any CPU
		{D889FFB3-526A-4BA6-AF57-533F7552B71A}.Ad-Hoc|ARM64.Build.0 = Release|Any CPU
		{D889FFB3-526A-4BA6-AF57-533F7552B71A}.Ad-Hoc|iPhone.ActiveCfg = Release|Any CPU
		{D889FFB3-526A-4BA6-AF57-533F7552B71A}.Ad-Hoc|iPhone.Build.0 = Release|Any CPU
		{D889FFB3-526A-4BA6-AF57-533F7552B71A}.Ad-Hoc|iPhoneSimulator.ActiveCfg = Release|Any CPU
		{D889FFB3-526A-4BA6-AF57-533F7552B71A}.Ad-Hoc|iPhoneSimulator.Build.0 = Release|Any CPU
		{D889FFB3-526A-4BA6-AF57-533F7552B71A}.Ad-Hoc|x64.ActiveCfg = Release|Any CPU
		{D889FFB3-526A-4BA6-AF57-533F7552B71A}.Ad-Hoc|x64.Build.0 = Release|Any CPU
		{D889FFB3-526A-4BA6-AF57-533F7552B71A}.Ad-Hoc|x86.ActiveCfg = Release|Any CPU
		{D889FFB3-526A-4BA6-AF57-533F7552B71A}.Ad-Hoc|x86.Build.0 = Release|Any CPU
		{D889FFB3-526A-4BA6-AF57-533F7552B71A}.AppStore|Any CPU.ActiveCfg = Release|Any CPU
		{D889FFB3-526A-4BA6-AF57-533F7552B71A}.AppStore|Any CPU.Build.0 = Release|Any CPU
		{D889FFB3-526A-4BA6-AF57-533F7552B71A}.AppStore|ARM.ActiveCfg = Release|Any CPU
		{D889FFB3-526A-4BA6-AF57-533F7552B71A}.AppStore|ARM.Build.0 = Release|Any CPU
		{D889FFB3-526A-4BA6-AF57-533F7552B71A}.AppStore|ARM64.ActiveCfg = Release|Any CPU
		{D889FFB3-526A-4BA6-AF57-533F7552B71A}.AppStore|ARM64.Build.0 = Release|Any CPU
		{D889FFB3-526A-4BA6-AF57-533F7552B71A}.AppStore|iPhone.ActiveCfg = Release|Any CPU
		{D889FFB3-526A-4BA6-AF57-533F7552B71A}.AppStore|iPhone.Build.0 = Release|Any CPU
		{D889FFB3-526A-4BA6-AF57-533F7552B71A}.AppStore|iPhoneSimulator.ActiveCfg = Release|Any CPU
		{D889FFB3-526A-4BA6-AF57-533F7552B71A}.AppStore|iPhoneSimulator.Build.0 = Release|Any CPU
		{D889FFB3-526A-4BA6-AF57-533F7552B71A}.AppStore|x64.ActiveCfg = Release|Any CPU
		{D889FFB3-526A-4BA6-AF57-533F7552B71A}.AppStore|x64.Build.0 = Release|Any CPU
		{D889FFB3-526A-4BA6-AF57-533F7552B71A}.AppStore|x86.ActiveCfg = Release|Any CPU
		{D889FFB3-526A-4BA6-AF57-533F7552B71A}.AppStore|x86.Build.0 = Release|Any CPU
		{D889FFB3-526A-4BA6-AF57-533F7552B71A}.Debug|Any CPU.ActiveCfg = Debug|Any CPU
		{D889FFB3-526A-4BA6-AF57-533F7552B71A}.Debug|Any CPU.Build.0 = Debug|Any CPU
		{D889FFB3-526A-4BA6-AF57-533F7552B71A}.Debug|ARM.ActiveCfg = Debug|Any CPU
		{D889FFB3-526A-4BA6-AF57-533F7552B71A}.Debug|ARM.Build.0 = Debug|Any CPU
		{D889FFB3-526A-4BA6-AF57-533F7552B71A}.Debug|ARM64.ActiveCfg = Debug|Any CPU
		{D889FFB3-526A-4BA6-AF57-533F7552B71A}.Debug|ARM64.Build.0 = Debug|Any CPU
		{D889FFB3-526A-4BA6-AF57-533F7552B71A}.Debug|iPhone.ActiveCfg = Debug|Any CPU
		{D889FFB3-526A-4BA6-AF57-533F7552B71A}.Debug|iPhone.Build.0 = Debug|Any CPU
		{D889FFB3-526A-4BA6-AF57-533F7552B71A}.Debug|iPhoneSimulator.ActiveCfg = Debug|Any CPU
		{D889FFB3-526A-4BA6-AF57-533F7552B71A}.Debug|iPhoneSimulator.Build.0 = Debug|Any CPU
		{D889FFB3-526A-4BA6-AF57-533F7552B71A}.Debug|x64.ActiveCfg = Debug|Any CPU
		{D889FFB3-526A-4BA6-AF57-533F7552B71A}.Debug|x64.Build.0 = Debug|Any CPU
		{D889FFB3-526A-4BA6-AF57-533F7552B71A}.Debug|x86.ActiveCfg = Debug|Any CPU
		{D889FFB3-526A-4BA6-AF57-533F7552B71A}.Debug|x86.Build.0 = Debug|Any CPU
		{D889FFB3-526A-4BA6-AF57-533F7552B71A}.Release|Any CPU.ActiveCfg = Release|Any CPU
		{D889FFB3-526A-4BA6-AF57-533F7552B71A}.Release|Any CPU.Build.0 = Release|Any CPU
		{D889FFB3-526A-4BA6-AF57-533F7552B71A}.Release|ARM.ActiveCfg = Release|Any CPU
		{D889FFB3-526A-4BA6-AF57-533F7552B71A}.Release|ARM.Build.0 = Release|Any CPU
		{D889FFB3-526A-4BA6-AF57-533F7552B71A}.Release|ARM64.ActiveCfg = Release|Any CPU
		{D889FFB3-526A-4BA6-AF57-533F7552B71A}.Release|ARM64.Build.0 = Release|Any CPU
		{D889FFB3-526A-4BA6-AF57-533F7552B71A}.Release|iPhone.ActiveCfg = Release|Any CPU
		{D889FFB3-526A-4BA6-AF57-533F7552B71A}.Release|iPhone.Build.0 = Release|Any CPU
		{D889FFB3-526A-4BA6-AF57-533F7552B71A}.Release|iPhoneSimulator.ActiveCfg = Release|Any CPU
		{D889FFB3-526A-4BA6-AF57-533F7552B71A}.Release|iPhoneSimulator.Build.0 = Release|Any CPU
		{D889FFB3-526A-4BA6-AF57-533F7552B71A}.Release|x64.ActiveCfg = Release|Any CPU
		{D889FFB3-526A-4BA6-AF57-533F7552B71A}.Release|x64.Build.0 = Release|Any CPU
		{D889FFB3-526A-4BA6-AF57-533F7552B71A}.Release|x86.ActiveCfg = Release|Any CPU
		{D889FFB3-526A-4BA6-AF57-533F7552B71A}.Release|x86.Build.0 = Release|Any CPU
	EndGlobalSection
	GlobalSection(SolutionProperties) = preSolution
		HideSolutionNode = FALSE
	EndGlobalSection
	GlobalSection(NestedProjects) = preSolution
		{CB35B6D5-BD23-4EC2-B8ED-90B72FB0C9F4} = {1FCDB135-7FD8-431C-878C-9A0A30A97E92}
		{2E0C6BDC-3B2B-46DE-9D30-61BE97041EDA} = {1FCDB135-7FD8-431C-878C-9A0A30A97E92}
		{C608FFAB-E0C8-4BC9-B12F-D32116878EEE} = {1FCDB135-7FD8-431C-878C-9A0A30A97E92}
		{AA2BB9D0-36F7-449A-9C72-F01B63666B2E} = {1FCDB135-7FD8-431C-878C-9A0A30A97E92}
		{99C5486B-3C25-4027-9BBF-BD958148322E} = {1FCDB135-7FD8-431C-878C-9A0A30A97E92}
		{CBEC4B15-9DA5-4043-9BBC-E0494BD648D9} = {1FCDB135-7FD8-431C-878C-9A0A30A97E92}
		{E2BC1359-6F14-4FBB-B5FA-CE4BBD7E545C} = {1FCDB135-7FD8-431C-878C-9A0A30A97E92}
		{D889FFB3-526A-4BA6-AF57-533F7552B71A} = {1FCDB135-7FD8-431C-878C-9A0A30A97E92}
	EndGlobalSection
	GlobalSection(ExtensibilityGlobals) = postSolution
		SolutionGuid = {4F7CE364-B339-4834-A1AD-80C58DEF79AA}
	EndGlobalSection
EndGlobal
